{
  "nodes": {
    "modelica-models": {
      "flake": false,
      "locked": {
        "lastModified": 1791565114,
        "narHash": "sha256-TUFH87ugajoYUdKVdneFQndAALnylk+p4iMPE+hBdpE=",
        "owner": "mimizh2418",
        "repo": "modelica_models",
        "rev": "345af4a389c150bde720f423ee2531494aa1a675",
        "type": "github"
      },
      "original": {
        "owner": "mimizh2418",
        "repo": "modelica_models",
        "rev": "345af4a389c150bde720f423ee2531494aa1a675",
        "type": "github"
      }
    },
    "nixpkgs": {
      "locked": {
        "lastModified": 1784432872,
        "narHash": "sha256-n3gKTBIV4ZA5VQpUakffBe3KGu4+mhPoA34rrqS0GkA=",
        "owner": "NixOS",
        "repo": "nixpkgs",
        "rev": "fd1462031fdee08f65fd0b4c6b64e22239a77870",
        "type": "github"
      },
      "original": {
        "owner": "NixOS",
        "repo": "nixpkgs",
        "rev": "fd1462031fdee08f65fd0b4c6b64e22239a77870",
        "type": "github"
      }
    },
    "root": {
      "inputs": {
        "modelica-models": "modelica-models",
        "nixpkgs": "nixpkgs"
      }
    }
  },
  "root": "root",
  "version": 7
}
